
Microsoft Visual Studio Solution File, Format Version 12.00
# Visual Studio Version 16
VisualStudioVersion = 16.0.33529.622
MinimumVisualStudioVersion = 10.0.40219.1
Project("{9A19103F-16F7-4668-BE54-9A1E7A4F7556}") = "TraversalCore", "TraversalCore\TraversalCore.csproj", "{EDB861B0-9434-466C-BC7C-62069640598C}"
EndProject
Project("{9A19103F-16F7-4668-BE54-9A1E7A4F7556}") = "EntityLayer", "EntityLayer\EntityLayer.csproj", "{EBEC34B4-0D84-40AF-8976-AD5FC884FF71}"
EndProject
Project("{9A19103F-16F7-4668-BE54-9A1E7A4F7556}") = "DataAccessLayer", "DataAccessLayer\DataAccessLayer.csproj", "{CF29B507-22CA-4073-A85C-45B39362CE8A}"
EndProject
Project("{9A19103F-16F7-4668-BE54-9A1E7A4F7556}") = "BusinessLayer", "BusinessLayer\BusinessLayer.csproj", "{490BDD9F-5B78-4B20-9EDA-74ECE57B3139}"
EndProject
Project("{FAE04EC0-301F-11D3-BF4B-00C04F79EFBC}") = "DTOLayer", "DTOLayer\DTOLayer.csproj", "{653C64CF-F082-4CA1-91DB-BFD338875895}"
EndProject
Global
	GlobalSection(SolutionConfigurationPlatforms) = preSolution
		Debug|Any CPU = Debug|Any CPU
		Release|Any CPU = Release|Any CPU
	EndGlobalSection
	GlobalSection(ProjectConfigurationPlatforms) = postSolution
		{EDB861B0-9434-466C-BC7C-62069640598C}.Debug|Any CPU.ActiveCfg = Debug|Any CPU
		{EDB861B0-9434-466C-BC7C-62069640598C}.Debug|Any CPU.Build.0 = Debug|Any CPU
		{EDB861B0-9434-466C-BC7C-62069640598C}.Release|Any CPU.ActiveCfg = Release|Any CPU
		{EDB861B0-9434-466C-BC7C-62069640598C}.Release|Any CPU.Build.0 = Release|Any CPU
		{EBEC34B4-0D84-40AF-8976-AD5FC884FF71}.Debug|Any CPU.ActiveCfg = Debug|Any CPU
		{EBEC34B4-0D84-40AF-8976-AD5FC884FF71}.Debug|Any CPU.Build.0 = Debug|Any CPU
		{EBEC34B4-0D84-40AF-8976-AD5FC884FF71}.Release|Any CPU.ActiveCfg = Release|Any CPU
		{EBEC34B4-0D84-40AF-8976-AD5FC884FF71}.Release|Any CPU.Build.0 = Release|Any CPU
		{CF29B507-22CA-4073-A85C-45B39362CE8A}.Debug|Any CPU.ActiveCfg = Debug|Any CPU
		{CF29B507-22CA-4073-A85C-45B39362CE8A}.Debug|Any CPU.Build.0 = Debug|Any CPU
		{CF29B507-22CA-4073-A85C-45B39362CE8A}.Release|Any CPU.ActiveCfg = Release|Any CPU
		{CF29B507-22CA-4073-A85C-45B39362CE8A}.Release|Any CPU.Build.0 = Release|Any CPU
		{490BDD9F-5B78-4B20-9EDA-74ECE57B3139}.Debug|Any CPU.ActiveCfg = Debug|Any CPU
		{490BDD9F-5B78-4B20-9EDA-74ECE57B3139}.Debug|Any CPU.Build.0 = Debug|Any CPU
		{490BDD9F-5B78-4B20-9EDA-74ECE57B3139}.Release|Any CPU.ActiveCfg = Release|Any CPU
		{490BDD9F-5B78-4B20-9EDA-74ECE57B3139}.Release|Any CPU.Build.0 = Release|Any CPU
		{653C64CF-F082-4CA1-91DB-BFD338875895}.Debug|Any CPU.ActiveCfg = Debug|Any CPU
		{653C64CF-F082-4CA1-91DB-BFD338875895}.Debug|Any CPU.Build.0 = Debug|Any CPU
		{653C64CF-F082-4CA1-91DB-BFD338875895}.Release|Any CPU.ActiveCfg = Release|Any CPU
		{653C64CF-F082-4CA1-91DB-BFD338875895}.Release|Any CPU.Build.0 = Release|Any CPU
	EndGlobalSection
	GlobalSection(SolutionProperties) = preSolution
		HideSolutionNode = FALSE
	EndGlobalSection
	GlobalSection(ExtensibilityGlobals) = postSolution
		SolutionGuid = {E35BEC6D-9564-4AB6-9629-819F4195F306}
	EndGlobalSection
EndGlobal
